github.com/keep94/gochart v1.0.0 h1:JEqYczyZMQbcE49z9bshTjvM9T444IxwM627zGThPhE=
github.com/keep94/gochart v1.0.0/go.mod h1:nU+SjRD1R7MlRcHtP10H+lbPRbX6QMH5Vd/pNU6HRHI=
github.com/keep94/gomath v1.0.0 h1:i1pSE4uOIDgeXOlR82yynpne3tqkRMo5r+LH1fWrZuA=
github.com/keep94/gomath v1.0.0/go.mod h1:bZjYPQqFxY7QBmwF009F0uQw3Ipn9BTm+RwWhAhacto=
